
Microsoft Visual Studio Solution File, Format Version 12.00
# Visual Studio Version 16
VisualStudioVersion = 16.0.29905.134
MinimumVisualStudioVersion = 10.0.40219.1
Project("{9A19103F-16F7-4668-BE54-9A1E7A4F7556}") = "Worker", "Worker\Worker.csproj", "{BD219031-0CEB-4C50-8D98-31BE96E80328}"
EndProject
Project("{9A19103F-16F7-4668-BE54-9A1E7A4F7556}") = "Messaging", "Message\Messaging.csproj", "{3E8E5134-6F8E-41B0-9926-E76A9C5380A5}"
EndProject
Project("{9A19103F-16F7-4668-BE54-9A1E7A4F7556}") = "Result.FrontEnd", "Result.FrontEnd\Result.FrontEnd.csproj", "{5FF9A586-25A5-4A30-B18B-445EE7AEDB7E}"
EndProject
Project("{9A19103F-16F7-4668-BE54-9A1E7A4F7556}") = "Result.BackEnd", "Result.BackEnd\Result.BackEnd.csproj", "{83FDAF18-4A3F-4744-9BFA-3F06F15581CB}"
EndProject
Project("{9A19103F-16F7-4668-BE54-9A1E7A4F7556}") = "Vote", "Vote\Vote.csproj", "{D294F847-579F-4C66-BCFF-C1B7325BB9C0}"
EndProject
Global
	GlobalSection(SolutionConfigurationPlatforms) = preSolution
		Debug|Any CPU = Debug|Any CPU
		Release|Any CPU = Release|Any CPU
	EndGlobalSection
	GlobalSection(ProjectConfigurationPlatforms) = postSolution
		{BD219031-0CEB-4C50-8D98-31BE96E80328}.Debug|Any CPU.ActiveCfg = Debug|Any CPU
		{BD219031-0CEB-4C50-8D98-31BE96E80328}.Debug|Any CPU.Build.0 = Debug|Any CPU
		{BD219031-0CEB-4C50-8D98-31BE96E80328}.Release|Any CPU.ActiveCfg = Release|Any CPU
		{BD219031-0CEB-4C50-8D98-31BE96E80328}.Release|Any CPU.Build.0 = Release|Any CPU
		{3E8E5134-6F8E-41B0-9926-E76A9C5380A5}.Debug|Any CPU.ActiveCfg = Debug|Any CPU
		{3E8E5134-6F8E-41B0-9926-E76A9C5380A5}.Debug|Any CPU.Build.0 = Debug|Any CPU
		{3E8E5134-6F8E-41B0-9926-E76A9C5380A5}.Release|Any CPU.ActiveCfg = Release|Any CPU
		{3E8E5134-6F8E-41B0-9926-E76A9C5380A5}.Release|Any CPU.Build.0 = Release|Any CPU
		{5FF9A586-25A5-4A30-B18B-445EE7AEDB7E}.Debug|Any CPU.ActiveCfg = Debug|Any CPU
		{5FF9A586-25A5-4A30-B18B-445EE7AEDB7E}.Debug|Any CPU.Build.0 = Debug|Any CPU
		{5FF9A586-25A5-4A30-B18B-445EE7AEDB7E}.Release|Any CPU.ActiveCfg = Release|Any CPU
		{5FF9A586-25A5-4A30-B18B-445EE7AEDB7E}.Release|Any CPU.Build.0 = Release|Any CPU
		{83FDAF18-4A3F-4744-9BFA-3F06F15581CB}.Debug|Any CPU.ActiveCfg = Debug|Any CPU
		{83FDAF18-4A3F-4744-9BFA-3F06F15581CB}.Debug|Any CPU.Build.0 = Debug|Any CPU
		{83FDAF18-4A3F-4744-9BFA-3F06F15581CB}.Release|Any CPU.ActiveCfg = Release|Any CPU
		{83FDAF18-4A3F-4744-9BFA-3F06F15581CB}.Release|Any CPU.Build.0 = Release|Any CPU
		{D294F847-579F-4C66-BCFF-C1B7325BB9C0}.Debug|Any CPU.ActiveCfg = Debug|Any CPU
		{D294F847-579F-4C66-BCFF-C1B7325BB9C0}.Debug|Any CPU.Build.0 = Debug|Any CPU
		{D294F847-579F-4C66-BCFF-C1B7325BB9C0}.Release|Any CPU.ActiveCfg = Release|Any CPU
		{D294F847-579F-4C66-BCFF-C1B7325BB9C0}.Release|Any CPU.Build.0 = Release|Any CPU
	EndGlobalSection
	GlobalSection(SolutionProperties) = preSolution
		HideSolutionNode = FALSE
	EndGlobalSection
	GlobalSection(ExtensibilityGlobals) = postSolution
		SolutionGuid = {8350D1E8-EC01-45A4-8237-B2AEF92AE5DA}
	EndGlobalSection
EndGlobal
